
Microsoft Visual Studio Solution File, Format Version 12.00
# Visual Studio Version 16
VisualStudioVersion = 16.0.31005.135
MinimumVisualStudioVersion = 10.0.40219.1
Project("{9A19103F-16F7-4668-BE54-9A1E7A4F7556}") = "SharpRpc", "SharpRpc\SharpRpc.csproj", "{CF00A0A6-2BF7-4DB4-B438-19D8FC48BAD7}"
EndProject
Project("{2150E333-8FDC-42A3-9474-1A3956D46DE8}") = "TestApp", "TestApp", "{8422BC7D-557E-4FC8-94E7-BB408651F12A}"
EndProject
Project("{9A19103F-16F7-4668-BE54-9A1E7A4F7556}") = "SharpRpc.Builder", "SharpRpc.Builder\SharpRpc.Builder.csproj", "{1C930B5A-931B-45C8-AA6E-F77CBC7740BF}"
EndProject
Project("{9A19103F-16F7-4668-BE54-9A1E7A4F7556}") = "SharpRpc.MsTest", "SharpRpc.MsTest\SharpRpc.MsTest.csproj", "{62EA8108-F3AD-4E29-8CC6-36B5F4EBC1A9}"
EndProject
Project("{2150E333-8FDC-42A3-9474-1A3956D46DE8}") = "Solution Items", "Solution Items", "{E8D67DAE-05C1-464D-83CD-831134CA4154}"
	ProjectSection(SolutionItems) = preProject
		.editorconfig = .editorconfig
	EndProjectSection
EndProject
Project("{9A19103F-16F7-4668-BE54-9A1E7A4F7556}") = "TestClient", "TestClient\TestClient.csproj", "{17E9C428-0375-4232-A410-8D43B03D5165}"
EndProject
Project("{9A19103F-16F7-4668-BE54-9A1E7A4F7556}") = "TestServer", "TestServer\TestServer.csproj", "{426EE7DB-9B59-4F8B-9584-56B8FA455289}"
EndProject
Project("{9A19103F-16F7-4668-BE54-9A1E7A4F7556}") = "TestCommon", "TestCommon\TestCommon.csproj", "{4E00FB18-333C-427F-811D-18EE4FE222AE}"
EndProject
Global
	GlobalSection(SolutionConfigurationPlatforms) = preSolution
		Debug|Any CPU = Debug|Any CPU
		DebugBuilder|Any CPU = DebugBuilder|Any CPU
		Release|Any CPU = Release|Any CPU
		ReleasePfCounters|Any CPU = ReleasePfCounters|Any CPU
	EndGlobalSection
	GlobalSection(ProjectConfigurationPlatforms) = postSolution
		{CF00A0A6-2BF7-4DB4-B438-19D8FC48BAD7}.Debug|Any CPU.ActiveCfg = Debug|Any CPU
		{CF00A0A6-2BF7-4DB4-B438-19D8FC48BAD7}.Debug|Any CPU.Build.0 = Debug|Any CPU
		{CF00A0A6-2BF7-4DB4-B438-19D8FC48BAD7}.DebugBuilder|Any CPU.ActiveCfg = Debug|Any CPU
		{CF00A0A6-2BF7-4DB4-B438-19D8FC48BAD7}.DebugBuilder|Any CPU.Build.0 = Debug|Any CPU
		{CF00A0A6-2BF7-4DB4-B438-19D8FC48BAD7}.Release|Any CPU.ActiveCfg = Release|Any CPU
		{CF00A0A6-2BF7-4DB4-B438-19D8FC48BAD7}.Release|Any CPU.Build.0 = Release|Any CPU
		{CF00A0A6-2BF7-4DB4-B438-19D8FC48BAD7}.ReleasePfCounters|Any CPU.ActiveCfg = ReleasePfCounters|Any CPU
		{CF00A0A6-2BF7-4DB4-B438-19D8FC48BAD7}.ReleasePfCounters|Any CPU.Build.0 = ReleasePfCounters|Any CPU
		{1C930B5A-931B-45C8-AA6E-F77CBC7740BF}.Debug|Any CPU.ActiveCfg = Debug|Any CPU
		{1C930B5A-931B-45C8-AA6E-F77CBC7740BF}.Debug|Any CPU.Build.0 = Debug|Any CPU
		{1C930B5A-931B-45C8-AA6E-F77CBC7740BF}.DebugBuilder|Any CPU.ActiveCfg = DebugBuilder|Any CPU
		{1C930B5A-931B-45C8-AA6E-F77CBC7740BF}.DebugBuilder|Any CPU.Build.0 = DebugBuilder|Any CPU
		{1C930B5A-931B-45C8-AA6E-F77CBC7740BF}.Release|Any CPU.ActiveCfg = Release|Any CPU
		{1C930B5A-931B-45C8-AA6E-F77CBC7740BF}.Release|Any CPU.Build.0 = Release|Any CPU
		{1C930B5A-931B-45C8-AA6E-F77CBC7740BF}.ReleasePfCounters|Any CPU.ActiveCfg = ReleasePfCounters|Any CPU
		{1C930B5A-931B-45C8-AA6E-F77CBC7740BF}.ReleasePfCounters|Any CPU.Build.0 = ReleasePfCounters|Any CPU
		{62EA8108-F3AD-4E29-8CC6-36B5F4EBC1A9}.Debug|Any CPU.ActiveCfg = Debug|Any CPU
		{62EA8108-F3AD-4E29-8CC6-36B5F4EBC1A9}.Debug|Any CPU.Build.0 = Debug|Any CPU
		{62EA8108-F3AD-4E29-8CC6-36B5F4EBC1A9}.DebugBuilder|Any CPU.ActiveCfg = Debug|Any CPU
		{62EA8108-F3AD-4E29-8CC6-36B5F4EBC1A9}.DebugBuilder|Any CPU.Build.0 = Debug|Any CPU
		{62EA8108-F3AD-4E29-8CC6-36B5F4EBC1A9}.Release|Any CPU.ActiveCfg = Release|Any CPU
		{62EA8108-F3AD-4E29-8CC6-36B5F4EBC1A9}.Release|Any CPU.Build.0 = Release|Any CPU
		{62EA8108-F3AD-4E29-8CC6-36B5F4EBC1A9}.ReleasePfCounters|Any CPU.ActiveCfg = ReleasePfCounters|Any CPU
		{62EA8108-F3AD-4E29-8CC6-36B5F4EBC1A9}.ReleasePfCounters|Any CPU.Build.0 = ReleasePfCounters|Any CPU
		{17E9C428-0375-4232-A410-8D43B03D5165}.Debug|Any CPU.ActiveCfg = Debug|Any CPU
		{17E9C428-0375-4232-A410-8D43B03D5165}.Debug|Any CPU.Build.0 = Debug|Any CPU
		{17E9C428-0375-4232-A410-8D43B03D5165}.DebugBuilder|Any CPU.ActiveCfg = Debug|Any CPU
		{17E9C428-0375-4232-A410-8D43B03D5165}.DebugBuilder|Any CPU.Build.0 = Debug|Any CPU
		{17E9C428-0375-4232-A410-8D43B03D5165}.Release|Any CPU.ActiveCfg = Release|Any CPU
		{17E9C428-0375-4232-A410-8D43B03D5165}.Release|Any CPU.Build.0 = Release|Any CPU
		{17E9C428-0375-4232-A410-8D43B03D5165}.ReleasePfCounters|Any CPU.ActiveCfg = ReleasePfCounters|Any CPU
		{17E9C428-0375-4232-A410-8D43B03D5165}.ReleasePfCounters|Any CPU.Build.0 = ReleasePfCounters|Any CPU
		{426EE7DB-9B59-4F8B-9584-56B8FA455289}.Debug|Any CPU.ActiveCfg = Debug|Any CPU
		{426EE7DB-9B59-4F8B-9584-56B8FA455289}.Debug|Any CPU.Build.0 = Debug|Any CPU
		{426EE7DB-9B59-4F8B-9584-56B8FA455289}.DebugBuilder|Any CPU.ActiveCfg = Debug|Any CPU
		{426EE7DB-9B59-4F8B-9584-56B8FA455289}.DebugBuilder|Any CPU.Build.0 = Debug|Any CPU
		{426EE7DB-9B59-4F8B-9584-56B8FA455289}.Release|Any CPU.ActiveCfg = Release|Any CPU
		{426EE7DB-9B59-4F8B-9584-56B8FA455289}.Release|Any CPU.Build.0 = Release|Any CPU
		{426EE7DB-9B59-4F8B-9584-56B8FA455289}.ReleasePfCounters|Any CPU.ActiveCfg = Release|Any CPU
		{426EE7DB-9B59-4F8B-9584-56B8FA455289}.ReleasePfCounters|Any CPU.Build.0 = Release|Any CPU
		{4E00FB18-333C-427F-811D-18EE4FE222AE}.Debug|Any CPU.ActiveCfg = Debug|Any CPU
		{4E00FB18-333C-427F-811D-18EE4FE222AE}.Debug|Any CPU.Build.0 = Debug|Any CPU
		{4E00FB18-333C-427F-811D-18EE4FE222AE}.DebugBuilder|Any CPU.ActiveCfg = Debug|Any CPU
		{4E00FB18-333C-427F-811D-18EE4FE222AE}.DebugBuilder|Any CPU.Build.0 = Debug|Any CPU
		{4E00FB18-333C-427F-811D-18EE4FE222AE}.Release|Any CPU.ActiveCfg = Release|Any CPU
		{4E00FB18-333C-427F-811D-18EE4FE222AE}.Release|Any CPU.Build.0 = Release|Any CPU
		{4E00FB18-333C-427F-811D-18EE4FE222AE}.ReleasePfCounters|Any CPU.ActiveCfg = ReleasePfCounters|Any CPU
		{4E00FB18-333C-427F-811D-18EE4FE222AE}.ReleasePfCounters|Any CPU.Build.0 = ReleasePfCounters|Any CPU
	EndGlobalSection
	GlobalSection(SolutionProperties) = preSolution
		HideSolutionNode = FALSE
	EndGlobalSection
	GlobalSection(NestedProjects) = preSolution
		{17E9C428-0375-4232-A410-8D43B03D5165} = {8422BC7D-557E-4FC8-94E7-BB408651F12A}
		{426EE7DB-9B59-4F8B-9584-56B8FA455289} = {8422BC7D-557E-4FC8-94E7-BB408651F12A}
		{4E00FB18-333C-427F-811D-18EE4FE222AE} = {8422BC7D-557E-4FC8-94E7-BB408651F12A}
	EndGlobalSection
	GlobalSection(ExtensibilityGlobals) = postSolution
		SolutionGuid = {36BA56FE-FC5C-40D2-89D2-0F8E78A60CCA}
	EndGlobalSection
EndGlobal
